
Microsoft Visual Studio Solution File, Format Version 12.00
# Visual Studio Version 17
VisualStudioVersion = 17.1.32421.90
MinimumVisualStudioVersion = 10.0.40219.1
Project("{FAE04EC0-301F-11D3-BF4B-00C04F79EFBC}") = "Seewo_Lamp", "Seewo_Lamp.csproj", "{8A81EF5D-722D-47EF-8DF0-E23DB7B18E5D}"
EndProject
Global
	GlobalSection(SolutionConfigurationPlatforms) = preSolution
		Debug|Any CPU = Debug|Any CPU
		Release|Any CPU = Release|Any CPU
	EndGlobalSection
	GlobalSection(ProjectConfigurationPlatforms) = postSolution
		{8A81EF5D-722D-47EF-8DF0-E23DB7B18E5D}.Debug|Any CPU.ActiveCfg = Debug|Any CPU
		{8A81EF5D-722D-47EF-8DF0-E23DB7B18E5D}.Debug|Any CPU.Build.0 = Debug|Any CPU
		{8A81EF5D-722D-47EF-8DF0-E23DB7B18E5D}.Release|Any CPU.ActiveCfg = Release|Any CPU
		{8A81EF5D-722D-47EF-8DF0-E23DB7B18E5D}.Release|Any CPU.Build.0 = Release|Any CPU
	EndGlobalSection
	GlobalSection(SolutionProperties) = preSolution
		HideSolutionNode = FALSE
	EndGlobalSection
	GlobalSection(ExtensibilityGlobals) = postSolution
		SolutionGuid = {79A02F6B-295C-40E2-9AD1-937DC903036C}
	EndGlobalSection
EndGlobal
